
Microsoft Visual Studio Solution File, Format Version 12.00
# Visual Studio Version 17
VisualStudioVersion = 17.9.34728.123
MinimumVisualStudioVersion = 10.0.40219.1
Project("{FAE04EC0-301F-11D3-BF4B-00C04F79EFBC}") = "webdocker", "webdocker\webdocker.csproj", "{2FB7ADAC-BE58-4F2D-BE69-099D21071753}"
EndProject
Global
	GlobalSection(SolutionConfigurationPlatforms) = preSolution
		Debug|Any CPU = Debug|Any CPU
		Release|Any CPU = Release|Any CPU
	EndGlobalSection
	GlobalSection(ProjectConfigurationPlatforms) = postSolution
		{2FB7ADAC-BE58-4F2D-BE69-099D21071753}.Debug|Any CPU.ActiveCfg = Debug|Any CPU
		{2FB7ADAC-BE58-4F2D-BE69-099D21071753}.Debug|Any CPU.Build.0 = Debug|Any CPU
		{2FB7ADAC-BE58-4F2D-BE69-099D21071753}.Release|Any CPU.ActiveCfg = Release|Any CPU
		{2FB7ADAC-BE58-4F2D-BE69-099D21071753}.Release|Any CPU.Build.0 = Release|Any CPU
	EndGlobalSection
	GlobalSection(SolutionProperties) = preSolution
		HideSolutionNode = FALSE
	EndGlobalSection
	GlobalSection(ExtensibilityGlobals) = postSolution
		SolutionGuid = {A2C22ECE-9FC8-47ED-BC3C-7AD9CA9F050E}
	EndGlobalSection
EndGlobal
